
Microsoft Visual Studio Solution File, Format Version 12.00
# Visual Studio Version 17
VisualStudioVersion = 17.8.34322.80
MinimumVisualStudioVersion = 10.0.40219.1
Project("{9A19103F-16F7-4668-BE54-9A1E7A4F7556}") = "RESTful Service Module", "RESTful Service Module\RESTful Service Module.csproj", "{67D12D8D-2907-4B28-BE17-67F91CC6C9CE}"
EndProject
Project("{9A19103F-16F7-4668-BE54-9A1E7A4F7556}") = "WebSecurity", "WebSecurity\WebSecurity.csproj", "{47FD4DC4-7FBC-43A4-BCDE-F79727E875B1}"
EndProject
Project("{9A19103F-16F7-4668-BE54-9A1E7A4F7556}") = "DBScaffold", "DBScaffold\DBScaffold.csproj", "{FA5621BB-6381-4B0E-B04A-D5974F4CADFF}"
EndProject
Project("{9A19103F-16F7-4668-BE54-9A1E7A4F7556}") = "2ManyUtils", "2ManyUtils\2ManyUtils.csproj", "{3008BCA9-5B6D-488F-9E98-9AC2A9D5DE4A}"
EndProject
Project("{9A19103F-16F7-4668-BE54-9A1E7A4F7556}") = "SessionLoggerMiddleware", "SessionLoggerMiddleware\SessionLoggerMiddleware.csproj", "{8995069E-5589-45D6-913F-05388068933A}"
EndProject
Project("{FAE04EC0-301F-11D3-BF4B-00C04F79EFBC}") = "MVC Module", "MVC Module\MVC Module.csproj", "{523B7176-7D09-4787-9BF4-15BDC252B4A8}"
EndProject
Global
	GlobalSection(SolutionConfigurationPlatforms) = preSolution
		Debug|Any CPU = Debug|Any CPU
		Release|Any CPU = Release|Any CPU
	EndGlobalSection
	GlobalSection(ProjectConfigurationPlatforms) = postSolution
		{67D12D8D-2907-4B28-BE17-67F91CC6C9CE}.Debug|Any CPU.ActiveCfg = Debug|Any CPU
		{67D12D8D-2907-4B28-BE17-67F91CC6C9CE}.Debug|Any CPU.Build.0 = Debug|Any CPU
		{67D12D8D-2907-4B28-BE17-67F91CC6C9CE}.Release|Any CPU.ActiveCfg = Release|Any CPU
		{67D12D8D-2907-4B28-BE17-67F91CC6C9CE}.Release|Any CPU.Build.0 = Release|Any CPU
		{47FD4DC4-7FBC-43A4-BCDE-F79727E875B1}.Debug|Any CPU.ActiveCfg = Debug|Any CPU
		{47FD4DC4-7FBC-43A4-BCDE-F79727E875B1}.Debug|Any CPU.Build.0 = Debug|Any CPU
		{47FD4DC4-7FBC-43A4-BCDE-F79727E875B1}.Release|Any CPU.ActiveCfg = Release|Any CPU
		{47FD4DC4-7FBC-43A4-BCDE-F79727E875B1}.Release|Any CPU.Build.0 = Release|Any CPU
		{FA5621BB-6381-4B0E-B04A-D5974F4CADFF}.Debug|Any CPU.ActiveCfg = Debug|Any CPU
		{FA5621BB-6381-4B0E-B04A-D5974F4CADFF}.Debug|Any CPU.Build.0 = Debug|Any CPU
		{FA5621BB-6381-4B0E-B04A-D5974F4CADFF}.Release|Any CPU.ActiveCfg = Release|Any CPU
		{FA5621BB-6381-4B0E-B04A-D5974F4CADFF}.Release|Any CPU.Build.0 = Release|Any CPU
		{3008BCA9-5B6D-488F-9E98-9AC2A9D5DE4A}.Debug|Any CPU.ActiveCfg = Debug|Any CPU
		{3008BCA9-5B6D-488F-9E98-9AC2A9D5DE4A}.Debug|Any CPU.Build.0 = Debug|Any CPU
		{3008BCA9-5B6D-488F-9E98-9AC2A9D5DE4A}.Release|Any CPU.ActiveCfg = Release|Any CPU
		{3008BCA9-5B6D-488F-9E98-9AC2A9D5DE4A}.Release|Any CPU.Build.0 = Release|Any CPU
		{8995069E-5589-45D6-913F-05388068933A}.Debug|Any CPU.ActiveCfg = Debug|Any CPU
		{8995069E-5589-45D6-913F-05388068933A}.Debug|Any CPU.Build.0 = Debug|Any CPU
		{8995069E-5589-45D6-913F-05388068933A}.Release|Any CPU.ActiveCfg = Release|Any CPU
		{8995069E-5589-45D6-913F-05388068933A}.Release|Any CPU.Build.0 = Release|Any CPU
		{523B7176-7D09-4787-9BF4-15BDC252B4A8}.Debug|Any CPU.ActiveCfg = Debug|Any CPU
		{523B7176-7D09-4787-9BF4-15BDC252B4A8}.Debug|Any CPU.Build.0 = Debug|Any CPU
		{523B7176-7D09-4787-9BF4-15BDC252B4A8}.Release|Any CPU.ActiveCfg = Release|Any CPU
		{523B7176-7D09-4787-9BF4-15BDC252B4A8}.Release|Any CPU.Build.0 = Release|Any CPU
	EndGlobalSection
	GlobalSection(SolutionProperties) = preSolution
		HideSolutionNode = FALSE
	EndGlobalSection
	GlobalSection(ExtensibilityGlobals) = postSolution
		SolutionGuid = {035C17BA-F151-4308-AF59-7E70A04D932B}
	EndGlobalSection
EndGlobal
